<?xml version="1.0" encoding="utf-8"?>
<Project ToolsVersion="4.0" xmlns="http://schemas.microsoft.com/developer/msbuild/2003">
  <ItemGroup>
    <ClCompile Include="BattleshipServer.cpp" />
    <ClCompile Include="GameSessionState.cpp" />
    <ClCompile Include="main.cpp" />
    <ClCompile Include="SessionManager.cpp" />
    <ClCompile Include="TCPClient.cpp" />
    <ClCompile Include="TCPServer.cpp" />
    <ClCompile Include="TCPWinsocksMaster.cpp" />
  </ItemGroup>
  <ItemGroup>
    <ClInclude Include="BattleshipServer.h" />
    <ClInclude Include="GameSessionState.h" />
    <ClInclude Include="SessionManager.h" />
    <ClInclude Include="TCPClient.h" />
    <ClInclude Include="TCPServer.h" />
    <ClInclude Include="TCPWinsocksMaster.h" />
    <ClInclude Include="resource.h" />
  </ItemGroup>
  <ItemGroup>
    <Library Include="WS2_32.Lib" />
  </ItemGroup>
  <ItemGroup>
    <ResourceCompile Include="Resource.rc" />
  </ItemGroup>
  <ItemGroup>
    <Image Include="server.ico" />
  </ItemGroup>
</Project>