<?xml version="1.0" encoding="utf-8"?>
<Project ToolsVersion="4.0" xmlns="http://schemas.microsoft.com/developer/msbuild/2003">
  <ItemGroup>
    <ClCompile Include="AnimatedEntity.cpp" />
    <ClCompile Include="Application.cpp" />
    <ClCompile Include="BattleshipCore.cpp" />
    <ClCompile Include="BattleshipServer.cpp" />
    <ClCompile Include="Boat.cpp" />
    <ClCompile Include="BsBDD.cpp" />
    <ClCompile Include="CloudManager.cpp" />
    <ClCompile Include="CoreGame.cpp" />
    <ClCompile Include="CursorCellSelector.cpp" />
    <ClCompile Include="Debug.cpp" />
    <ClCompile Include="EndPanel.cpp" />
    <ClCompile Include="Entity.cpp" />
    <ClCompile Include="EntityRectangle.cpp" />
    <ClCompile Include="EntityText.cpp" />
    <ClCompile Include="EntityTextBox.cpp" />
    <ClCompile Include="GameChat.cpp" />
    <ClCompile Include="GameInfoPanel.cpp" />
    <ClCompile Include="GameSessionState.cpp" />
    <ClCompile Include="GameVfx.cpp" />
    <ClCompile Include="GameWindow.cpp" />
    <ClCompile Include="Grid.cpp" />
    <ClCompile Include="imagesRename.cpp" />
    <ClCompile Include="Localization.cpp" />
    <ClCompile Include="LockerWindow.cpp" />
    <ClCompile Include="LoginMenu.cpp" />
    <ClCompile Include="main.cpp" />
    <ClCompile Include="MenuButtonsManager.cpp" />
    <ClCompile Include="MenuWindow.cpp" />
    <ClCompile Include="MouseManager.cpp" />
    <ClCompile Include="PlayerBoatsManager.cpp" />
    <ClCompile Include="PlayerHud.cpp" />
    <ClCompile Include="SaveData.cpp" />
    <ClCompile Include="SessionManager.cpp" />
    <ClCompile Include="SfmlWindow.cpp" />
    <ClCompile Include="SfxManager.cpp" />
    <ClCompile Include="SplashWindow.cpp" />
    <ClCompile Include="TCPClient.cpp" />
    <ClCompile Include="TCPServer.cpp" />
    <ClCompile Include="TCPWinsocksMaster.cpp" />
    <ClCompile Include="WaitTimer.cpp" />
  </ItemGroup>
  <ItemGroup>
    <ClInclude Include="AnimatedEntity.h" />
    <ClInclude Include="Application.h" />
    <ClInclude Include="BattleshipCore.h" />
    <ClInclude Include="BattleshipServer.h" />
    <ClInclude Include="Boat.h" />
    <ClInclude Include="BsBDD.h" />
    <ClInclude Include="CloudManager.h" />
    <ClInclude Include="CoreGame.h" />
    <ClInclude Include="CursorCellSelector.h" />
    <ClInclude Include="Debug.h" />
    <ClInclude Include="EndPanel.h" />
    <ClInclude Include="Entity.h" />
    <ClInclude Include="EntityCircle.h" />
    <ClInclude Include="EntityRectangle.h" />
    <ClInclude Include="EntityText.h" />
    <ClInclude Include="EntityTextBox.h" />
    <ClInclude Include="GameChat.h" />
    <ClInclude Include="GameInfoPanel.h" />
    <ClInclude Include="GameSessionState.h" />
    <ClInclude Include="GameVfx.h" />
    <ClInclude Include="GameWindow.h" />
    <ClInclude Include="Grid.h" />
    <ClInclude Include="Localization.h" />
    <ClInclude Include="LockerWindow.h" />
    <ClInclude Include="LoginMenu.h" />
    <ClInclude Include="MenuButtonsManager.h" />
    <ClInclude Include="MenuWindow.h" />
    <ClInclude Include="MouseManager.h" />
    <ClInclude Include="PlayerBoatsManager.h" />
    <ClInclude Include="PlayerHud.h" />
    <ClInclude Include="resource.h" />
    <ClInclude Include="SaveData.h" />
    <ClInclude Include="SessionManager.h" />
    <ClInclude Include="Settings.h" />
    <ClInclude Include="SfmlWindow.h" />
    <ClInclude Include="SfxManager.h" />
    <ClInclude Include="SplashWindow.h" />
    <ClInclude Include="TCPClient.h" />
    <ClInclude Include="TCPServer.h" />
    <ClInclude Include="TCPWinsocksMaster.h" />
    <ClInclude Include="WaitTimer.h" />
  </ItemGroup>
  <ItemGroup>
    <Library Include="SqlLibs\mysql-connector-c++-8.1.0-winx64\mysql-connector-c++-8.1.0-winx64\lib64\vs14\mysqlcppconn-static.lib" />
    <Library Include="SqlLibs\mysql-connector-c++-8.1.0-winx64\mysql-connector-c++-8.1.0-winx64\lib64\vs14\mysqlcppconn.lib" />
    <Library Include="SqlLibs\mysql-connector-c++-8.1.0-winx64\mysql-connector-c++-8.1.0-winx64\lib64\vs14\mysqlcppconn8-static.lib" />
    <Library Include="SqlLibs\mysql-connector-c++-8.1.0-winx64\mysql-connector-c++-8.1.0-winx64\lib64\vs14\mysqlcppconn8.lib" />
    <Library Include="WS2_32.Lib" />
  </ItemGroup>
  <ItemGroup>
    <_EmbedManagedResourceFile Include="localization\fr.json" />
  </ItemGroup>
  <ItemGroup>
    <CopyFileToFolders Include="localization\eng.json" />
    <CopyFileToFolders Include="SqlLibs\mysql-connector-c++-8.1.0-winx64\mysql-connector-c++-8.1.0-winx64\lib64\mysqlcppconn-9-vs14.dll" />
    <CopyFileToFolders Include="SqlLibs\mysql-connector-c++-8.1.0-winx64\mysql-connector-c++-8.1.0-winx64\lib64\libcrypto-3-x64.dll" />
    <CopyFileToFolders Include="SqlLibs\mysql-connector-c++-8.1.0-winx64\mysql-connector-c++-8.1.0-winx64\lib64\libssl-3-x64.dll" />
  </ItemGroup>
  <ItemGroup>
    <None Include="SqlLibs\mysql-connector-c++-8.1.0-winx64\mysql-connector-c++-8.1.0-winx64\lib64\mysqlcppconn8-2-vs14.dll" />
  </ItemGroup>
</Project>